github.com/golang/protobuf v0.0.0-20170307001533-c9c7427a2a70 h1:WKo1/VPcI3cbJwnIHISxazgDxbw+UIrktU3zNxzcp4c=
github.com/golang/protobuf v0.0.0-20170307001533-c9c7427a2a70/go.mod h1:6lQm79b+lXiMfvg/cZm0SGofjICqVBUtrP5yJMmIC1U=
golang.org/x/sync v0.0.0-20210220032951-036812b2e83c h1:5KslGYwFpkhGh+Q16bwMP3cOontH8FOep7tGV86Y7SQ=
golang.org/x/sync v0.0.0-20210220032951-036812b2e83c/go.mod h1:RxMgew5VJxzue5/jJTE5uejpjVlOe/izrB70Jof72aM=
